
Microsoft Visual Studio Solution File, Format Version 12.00
# Visual Studio Version 17
VisualStudioVersion = 17.6.33815.320
MinimumVisualStudioVersion = 10.0.40219.1
Project("{2150E333-8FDC-42A3-9474-1A3956D46DE8}") = "src", "src", "{3F693CE8-BF8F-4EE0-BF6C-7FB5A81489A2}"
EndProject
Project("{2150E333-8FDC-42A3-9474-1A3956D46DE8}") = "test", "test", "{90CE6663-8547-4D3F-8E32-609E765AE074}"
EndProject
Project("{2150E333-8FDC-42A3-9474-1A3956D46DE8}") = "API", "API", "{1D52087F-C2AF-490A-955D-FB3FCD56DEDD}"
EndProject
Project("{2150E333-8FDC-42A3-9474-1A3956D46DE8}") = "Core", "Core", "{9D804C70-9663-48EE-AD22-3E6C761F30D4}"
EndProject
Project("{9A19103F-16F7-4668-BE54-9A1E7A4F7556}") = "MarketPrices.Domain", "MarketPrices.Domain\MarketPrices.Domain.csproj", "{1C60CD02-C384-45F4-8A63-54AA03319D22}"
EndProject
Project("{9A19103F-16F7-4668-BE54-9A1E7A4F7556}") = "MarketPrices.Application", "MarketPrices.Application\MarketPrices.Application.csproj", "{C2C61148-56BB-4754-96AE-8905B312A726}"
EndProject
Project("{2150E333-8FDC-42A3-9474-1A3956D46DE8}") = "Infrastructure", "Infrastructure", "{45AF33C0-E9C5-4113-91C5-96F0B1C8CC76}"
EndProject
Project("{9A19103F-16F7-4668-BE54-9A1E7A4F7556}") = "MarketPrices.Persistence", "MarketPrices.Persistence\MarketPrices.Persistence.csproj", "{E87FFCBC-D737-4115-B35C-9C3C4DC2511C}"
EndProject
Project("{9A19103F-16F7-4668-BE54-9A1E7A4F7556}") = "MarketPrices.Infrastructure", "MarketPrices.Infrastructure\MarketPrices.Infrastructure.csproj", "{D285FFF9-9EB2-461A-95BC-6A45656075FF}"
EndProject
Project("{9A19103F-16F7-4668-BE54-9A1E7A4F7556}") = "MarketPrices.Api", "MarketPrices.Api\MarketPrices.Api.csproj", "{979273C5-C929-4695-810D-BF4BB4EEDBE9}"
EndProject
Project("{FAE04EC0-301F-11D3-BF4B-00C04F79EFBC}") = "MarketPrices.Application.UnitTests", "MarketPrices.Application.UnitTests\MarketPrices.Application.UnitTests.csproj", "{E10D78CD-CBD0-4D92-8C52-929F68C079AB}"
EndProject
Global
	GlobalSection(SolutionConfigurationPlatforms) = preSolution
		Debug|Any CPU = Debug|Any CPU
		Release|Any CPU = Release|Any CPU
	EndGlobalSection
	GlobalSection(ProjectConfigurationPlatforms) = postSolution
		{1C60CD02-C384-45F4-8A63-54AA03319D22}.Debug|Any CPU.ActiveCfg = Debug|Any CPU
		{1C60CD02-C384-45F4-8A63-54AA03319D22}.Debug|Any CPU.Build.0 = Debug|Any CPU
		{1C60CD02-C384-45F4-8A63-54AA03319D22}.Release|Any CPU.ActiveCfg = Release|Any CPU
		{1C60CD02-C384-45F4-8A63-54AA03319D22}.Release|Any CPU.Build.0 = Release|Any CPU
		{C2C61148-56BB-4754-96AE-8905B312A726}.Debug|Any CPU.ActiveCfg = Debug|Any CPU
		{C2C61148-56BB-4754-96AE-8905B312A726}.Debug|Any CPU.Build.0 = Debug|Any CPU
		{C2C61148-56BB-4754-96AE-8905B312A726}.Release|Any CPU.ActiveCfg = Release|Any CPU
		{C2C61148-56BB-4754-96AE-8905B312A726}.Release|Any CPU.Build.0 = Release|Any CPU
		{E87FFCBC-D737-4115-B35C-9C3C4DC2511C}.Debug|Any CPU.ActiveCfg = Debug|Any CPU
		{E87FFCBC-D737-4115-B35C-9C3C4DC2511C}.Debug|Any CPU.Build.0 = Debug|Any CPU
		{E87FFCBC-D737-4115-B35C-9C3C4DC2511C}.Release|Any CPU.ActiveCfg = Release|Any CPU
		{E87FFCBC-D737-4115-B35C-9C3C4DC2511C}.Release|Any CPU.Build.0 = Release|Any CPU
		{D285FFF9-9EB2-461A-95BC-6A45656075FF}.Debug|Any CPU.ActiveCfg = Debug|Any CPU
		{D285FFF9-9EB2-461A-95BC-6A45656075FF}.Debug|Any CPU.Build.0 = Debug|Any CPU
		{D285FFF9-9EB2-461A-95BC-6A45656075FF}.Release|Any CPU.ActiveCfg = Release|Any CPU
		{D285FFF9-9EB2-461A-95BC-6A45656075FF}.Release|Any CPU.Build.0 = Release|Any CPU
		{979273C5-C929-4695-810D-BF4BB4EEDBE9}.Debug|Any CPU.ActiveCfg = Debug|Any CPU
		{979273C5-C929-4695-810D-BF4BB4EEDBE9}.Debug|Any CPU.Build.0 = Debug|Any CPU
		{979273C5-C929-4695-810D-BF4BB4EEDBE9}.Release|Any CPU.ActiveCfg = Release|Any CPU
		{979273C5-C929-4695-810D-BF4BB4EEDBE9}.Release|Any CPU.Build.0 = Release|Any CPU
		{E10D78CD-CBD0-4D92-8C52-929F68C079AB}.Debug|Any CPU.ActiveCfg = Debug|Any CPU
		{E10D78CD-CBD0-4D92-8C52-929F68C079AB}.Debug|Any CPU.Build.0 = Debug|Any CPU
		{E10D78CD-CBD0-4D92-8C52-929F68C079AB}.Release|Any CPU.ActiveCfg = Release|Any CPU
		{E10D78CD-CBD0-4D92-8C52-929F68C079AB}.Release|Any CPU.Build.0 = Release|Any CPU
	EndGlobalSection
	GlobalSection(SolutionProperties) = preSolution
		HideSolutionNode = FALSE
	EndGlobalSection
	GlobalSection(NestedProjects) = preSolution
		{1D52087F-C2AF-490A-955D-FB3FCD56DEDD} = {3F693CE8-BF8F-4EE0-BF6C-7FB5A81489A2}
		{9D804C70-9663-48EE-AD22-3E6C761F30D4} = {3F693CE8-BF8F-4EE0-BF6C-7FB5A81489A2}
		{1C60CD02-C384-45F4-8A63-54AA03319D22} = {9D804C70-9663-48EE-AD22-3E6C761F30D4}
		{C2C61148-56BB-4754-96AE-8905B312A726} = {9D804C70-9663-48EE-AD22-3E6C761F30D4}
		{45AF33C0-E9C5-4113-91C5-96F0B1C8CC76} = {3F693CE8-BF8F-4EE0-BF6C-7FB5A81489A2}
		{E87FFCBC-D737-4115-B35C-9C3C4DC2511C} = {45AF33C0-E9C5-4113-91C5-96F0B1C8CC76}
		{D285FFF9-9EB2-461A-95BC-6A45656075FF} = {45AF33C0-E9C5-4113-91C5-96F0B1C8CC76}
		{979273C5-C929-4695-810D-BF4BB4EEDBE9} = {1D52087F-C2AF-490A-955D-FB3FCD56DEDD}
		{E10D78CD-CBD0-4D92-8C52-929F68C079AB} = {90CE6663-8547-4D3F-8E32-609E765AE074}
	EndGlobalSection
	GlobalSection(ExtensibilityGlobals) = postSolution
		SolutionGuid = {B149A78B-0E8D-43B5-9721-A0A8DEA32173}
	EndGlobalSection
EndGlobal
